// !$*UTF8*$!
{
	archiveVersion = 1;
	classes = {
	};
	objectVersion = 77;
	objects = {

/* Begin PBXBuildFile section */
		F62760FA2D25800400CBB353 /* CasuquizApp.swift in Sources */ = {isa = PBXBuildFile; fileRef = F62760F72D25800400CBB353 /* CasuquizApp.swift */; };
		F62760FB2D25800400CBB353 /* ContentView.swift in Sources */ = {isa = PBXBuildFile; fileRef = F62760F82D25800400CBB353 /* ContentView.swift */; };
		F62760FC2D25800400CBB353 /* Preview Assets.xcassets in Resources */ = {isa = PBXBuildFile; fileRef = F62760F42D25800400CBB353 /* Preview Assets.xcassets */; };
		F62760FD2D25800400CBB353 /* Assets.xcassets in Resources */ = {isa = PBXBuildFile; fileRef = F62760F62D25800400CBB353 /* Assets.xcassets */; };
		F627610E2D2580AA00CBB353 /* ProfileViewZQQ.swift in Sources */ = {isa = PBXBuildFile; fileRef = F627610C2D2580AA00CBB353 /* ProfileViewZQQ.swift */; };
		F627610F2D2580AA00CBB353 /* NotificationCenterZQQ.swift in Sources */ = {isa = PBXBuildFile; fileRef = F627610A2D2580AA00CBB353 /* NotificationCenterZQQ.swift */; };
		F62761102D2580AA00CBB353 /* QuestionViewZQQ.swift in Sources */ = {isa = PBXBuildFile; fileRef = F62761052D2580AA00CBB353 /* QuestionViewZQQ.swift */; };
		F62761112D2580AA00CBB353 /* FactsViewZQQ.swift in Sources */ = {isa = PBXBuildFile; fileRef = F62761092D2580AA00CBB353 /* FactsViewZQQ.swift */; };
		F62761122D2580AA00CBB353 /* QuestionPickViewZQQ.swift in Sources */ = {isa = PBXBuildFile; fileRef = F62761062D2580AA00CBB353 /* QuestionPickViewZQQ.swift */; };
		F62761132D2580AA00CBB353 /* ExtensionsZQQ.swift in Sources */ = {isa = PBXBuildFile; fileRef = F62761082D2580AA00CBB353 /* ExtensionsZQQ.swift */; };
		F62761142D2580AA00CBB353 /* ImagePickerZQQ.swift in Sources */ = {isa = PBXBuildFile; fileRef = F627610B2D2580AA00CBB353 /* ImagePickerZQQ.swift */; };
		F62761152D2580AA00CBB353 /* QuestionViewModelZQQ.swift in Sources */ = {isa = PBXBuildFile; fileRef = F62761042D2580AA00CBB353 /* QuestionViewModelZQQ.swift */; };
		F62761162D2580AA00CBB353 /* QuestionsViewZQQ.swift in Sources */ = {isa = PBXBuildFile; fileRef = F62760FE2D2580AA00CBB353 /* QuestionsViewZQQ.swift */; };
		F62761172D2580AA00CBB353 /* LoadingViewZQQ.swift in Sources */ = {isa = PBXBuildFile; fileRef = F62760FF2D2580AA00CBB353 /* LoadingViewZQQ.swift */; };
		F62761182D2580AA00CBB353 /* PrivacyViewZQQ.swift in Sources */ = {isa = PBXBuildFile; fileRef = F62761012D2580AA00CBB353 /* PrivacyViewZQQ.swift */; };
		F62761192D2580AA00CBB353 /* WebViewZQQ.swift in Sources */ = {isa = PBXBuildFile; fileRef = F62761022D2580AA00CBB353 /* WebViewZQQ.swift */; };
		F627611A2D2580AA00CBB353 /* privacy.html in Resources */ = {isa = PBXBuildFile; fileRef = F62761002D2580AA00CBB353 /* privacy.html */; };
/* End PBXBuildFile section */

/* Begin PBXFileReference section */
		F62760E32D257FFF00CBB353 /* Casuquiz.app */ = {isa = PBXFileReference; explicitFileType = wrapper.application; includeInIndex = 0; path = Casuquiz.app; sourceTree = BUILT_PRODUCTS_DIR; };
		F62760F42D25800400CBB353 /* Preview Assets.xcassets */ = {isa = PBXFileReference; lastKnownFileType = folder.assetcatalog; path = "Preview Assets.xcassets"; sourceTree = "<group>"; };
		F62760F62D25800400CBB353 /* Assets.xcassets */ = {isa = PBXFileReference; lastKnownFileType = folder.assetcatalog; path = Assets.xcassets; sourceTree = "<group>"; };
		F62760F72D25800400CBB353 /* CasuquizApp.swift */ = {isa = PBXFileReference; lastKnownFileType = sourcecode.swift; path = CasuquizApp.swift; sourceTree = "<group>"; };
		F62760F82D25800400CBB353 /* ContentView.swift */ = {isa = PBXFileReference; lastKnownFileType = sourcecode.swift; path = ContentView.swift; sourceTree = "<group>"; };
		F62760FE2D2580AA00CBB353 /* QuestionsViewZQQ.swift */ = {isa = PBXFileReference; lastKnownFileType = sourcecode.swift; path = QuestionsViewZQQ.swift; sourceTree = "<group>"; };
		F62760FF2D2580AA00CBB353 /* LoadingViewZQQ.swift */ = {isa = PBXFileReference; lastKnownFileType = sourcecode.swift; path = LoadingViewZQQ.swift; sourceTree = "<group>"; };
		F62761002D2580AA00CBB353 /* privacy.html */ = {isa = PBXFileReference; lastKnownFileType = text.html; path = privacy.html; sourceTree = "<group>"; };
		F62761012D2580AA00CBB353 /* PrivacyViewZQQ.swift */ = {isa = PBXFileReference; lastKnownFileType = sourcecode.swift; path = PrivacyViewZQQ.swift; sourceTree = "<group>"; };
		F62761022D2580AA00CBB353 /* WebViewZQQ.swift */ = {isa = PBXFileReference; lastKnownFileType = sourcecode.swift; path = WebViewZQQ.swift; sourceTree = "<group>"; };
		F62761042D2580AA00CBB353 /* QuestionViewModelZQQ.swift */ = {isa = PBXFileReference; lastKnownFileType = sourcecode.swift; path = QuestionViewModelZQQ.swift; sourceTree = "<group>"; };
		F62761052D2580AA00CBB353 /* QuestionViewZQQ.swift */ = {isa = PBXFileReference; lastKnownFileType = sourcecode.swift; path = QuestionViewZQQ.swift; sourceTree = "<group>"; };
		F62761062D2580AA00CBB353 /* QuestionPickViewZQQ.swift */ = {isa = PBXFileReference; lastKnownFileType = sourcecode.swift; path = QuestionPickViewZQQ.swift; sourceTree = "<group>"; };
		F62761082D2580AA00CBB353 /* ExtensionsZQQ.swift */ = {isa = PBXFileReference; lastKnownFileType = sourcecode.swift; path = ExtensionsZQQ.swift; sourceTree = "<group>"; };
		F62761092D2580AA00CBB353 /* FactsViewZQQ.swift */ = {isa = PBXFileReference; lastKnownFileType = sourcecode.swift; path = FactsViewZQQ.swift; sourceTree = "<group>"; };
		F627610A2D2580AA00CBB353 /* NotificationCenterZQQ.swift */ = {isa = PBXFileReference; lastKnownFileType = sourcecode.swift; path = NotificationCenterZQQ.swift; sourceTree = "<group>"; };
		F627610B2D2580AA00CBB353 /* ImagePickerZQQ.swift */ = {isa = PBXFileReference; lastKnownFileType = sourcecode.swift; path = ImagePickerZQQ.swift; sourceTree = "<group>"; };
		F627610C2D2580AA00CBB353 /* ProfileViewZQQ.swift */ = {isa = PBXFileReference; lastKnownFileType = sourcecode.swift; path = ProfileViewZQQ.swift; sourceTree = "<group>"; };
		F627611B2D2580BA00CBB353 /* Info.plist */ = {isa = PBXFileReference; lastKnownFileType = text.plist; path = Info.plist; sourceTree = "<group>"; };
/* End PBXFileReference section */

/* Begin PBXFrameworksBuildPhase section */
		F62760E02D257FFF00CBB353 /* Frameworks */ = {
			isa = PBXFrameworksBuildPhase;
			buildActionMask = 2147483647;
			files = (
			);
			runOnlyForDeploymentPostprocessing = 0;
		};
/* End PBXFrameworksBuildPhase section */

/* Begin PBXGroup section */
		F62760DA2D257FFF00CBB353 = {
			isa = PBXGroup;
			children = (
				F62760F92D25800400CBB353 /* Casuquiz */,
				F62760E42D257FFF00CBB353 /* Products */,
			);
			sourceTree = "<group>";
		};
		F62760E42D257FFF00CBB353 /* Products */ = {
			isa = PBXGroup;
			children = (
				F62760E32D257FFF00CBB353 /* Casuquiz.app */,
			);
			name = Products;
			sourceTree = "<group>";
		};
		F62760F52D25800400CBB353 /* Preview Content */ = {
			isa = PBXGroup;
			children = (
				F62760F42D25800400CBB353 /* Preview Assets.xcassets */,
			);
			path = "Preview Content";
			sourceTree = "<group>";
		};
		F62760F92D25800400CBB353 /* Casuquiz */ = {
			isa = PBXGroup;
			children = (
				F627611B2D2580BA00CBB353 /* Info.plist */,
				F62760F72D25800400CBB353 /* CasuquizApp.swift */,
				F62760F82D25800400CBB353 /* ContentView.swift */,
				F62761032D2580AA00CBB353 /* LoadingZQQ */,
				F62761072D2580AA00CBB353 /* QuestionsZQQ */,
				F62761082D2580AA00CBB353 /* ExtensionsZQQ.swift */,
				F62761092D2580AA00CBB353 /* FactsViewZQQ.swift */,
				F62760FE2D2580AA00CBB353 /* QuestionsViewZQQ.swift */,
				F627610A2D2580AA00CBB353 /* NotificationCenterZQQ.swift */,
				F627610D2D2580AA00CBB353 /* ProfileZQQ */,
				F62760F52D25800400CBB353 /* Preview Content */,
				F62760F62D25800400CBB353 /* Assets.xcassets */,
			);
			path = Casuquiz;
			sourceTree = "<group>";
		};
		F62761032D2580AA00CBB353 /* LoadingZQQ */ = {
			isa = PBXGroup;
			children = (
				F62760FF2D2580AA00CBB353 /* LoadingViewZQQ.swift */,
				F62761002D2580AA00CBB353 /* privacy.html */,
				F62761012D2580AA00CBB353 /* PrivacyViewZQQ.swift */,
				F62761022D2580AA00CBB353 /* WebViewZQQ.swift */,
			);
			path = LoadingZQQ;
			sourceTree = "<group>";
		};
		F62761072D2580AA00CBB353 /* QuestionsZQQ */ = {
			isa = PBXGroup;
			children = (
				F62761042D2580AA00CBB353 /* QuestionViewModelZQQ.swift */,
				F62761052D2580AA00CBB353 /* QuestionViewZQQ.swift */,
				F62761062D2580AA00CBB353 /* QuestionPickViewZQQ.swift */,
			);
			path = QuestionsZQQ;
			sourceTree = "<group>";
		};
		F627610D2D2580AA00CBB353 /* ProfileZQQ */ = {
			isa = PBXGroup;
			children = (
				F627610B2D2580AA00CBB353 /* ImagePickerZQQ.swift */,
				F627610C2D2580AA00CBB353 /* ProfileViewZQQ.swift */,
			);
			path = ProfileZQQ;
			sourceTree = "<group>";
		};
/* End PBXGroup section */

/* Begin PBXNativeTarget section */
		F62760E22D257FFF00CBB353 /* Casuquiz */ = {
			isa = PBXNativeTarget;
			buildConfigurationList = F62760F12D25800000CBB353 /* Build configuration list for PBXNativeTarget "Casuquiz" */;
			buildPhases = (
				F62760DF2D257FFF00CBB353 /* Sources */,
				F62760E02D257FFF00CBB353 /* Frameworks */,
				F62760E12D257FFF00CBB353 /* Resources */,
			);
			buildRules = (
			);
			dependencies = (
			);
			name = Casuquiz;
			packageProductDependencies = (
			);
			productName = Casuquiz;
			productReference = F62760E32D257FFF00CBB353 /* Casuquiz.app */;
			productType = "com.apple.product-type.application";
		};
/* End PBXNativeTarget section */

/* Begin PBXProject section */
		F62760DB2D257FFF00CBB353 /* Project object */ = {
			isa = PBXProject;
			attributes = {
				BuildIndependentTargetsInParallel = 1;
				LastSwiftUpdateCheck = 1600;
				LastUpgradeCheck = 1600;
				TargetAttributes = {
					F62760E22D257FFF00CBB353 = {
						CreatedOnToolsVersion = 16.0;
					};
				};
			};
			buildConfigurationList = F62760DE2D257FFF00CBB353 /* Build configuration list for PBXProject "Casuquiz" */;
			developmentRegion = en;
			hasScannedForEncodings = 0;
			knownRegions = (
				en,
				Base,
			);
			mainGroup = F62760DA2D257FFF00CBB353;
			minimizedProjectReferenceProxies = 1;
			preferredProjectObjectVersion = 77;
			productRefGroup = F62760E42D257FFF00CBB353 /* Products */;
			projectDirPath = "";
			projectRoot = "";
			targets = (
				F62760E22D257FFF00CBB353 /* Casuquiz */,
			);
		};
/* End PBXProject section */

/* Begin PBXResourcesBuildPhase section */
		F62760E12D257FFF00CBB353 /* Resources */ = {
			isa = PBXResourcesBuildPhase;
			buildActionMask = 2147483647;
			files = (
				F62760FC2D25800400CBB353 /* Preview Assets.xcassets in Resources */,
				F627611A2D2580AA00CBB353 /* privacy.html in Resources */,
				F62760FD2D25800400CBB353 /* Assets.xcassets in Resources */,
			);
			runOnlyForDeploymentPostprocessing = 0;
		};
/* End PBXResourcesBuildPhase section */

/* Begin PBXSourcesBuildPhase section */
		F62760DF2D257FFF00CBB353 /* Sources */ = {
			isa = PBXSourcesBuildPhase;
			buildActionMask = 2147483647;
			files = (
				F62760FA2D25800400CBB353 /* CasuquizApp.swift in Sources */,
				F62760FB2D25800400CBB353 /* ContentView.swift in Sources */,
				F627610E2D2580AA00CBB353 /* ProfileViewZQQ.swift in Sources */,
				F627610F2D2580AA00CBB353 /* NotificationCenterZQQ.swift in Sources */,
				F62761102D2580AA00CBB353 /* QuestionViewZQQ.swift in Sources */,
				F62761112D2580AA00CBB353 /* FactsViewZQQ.swift in Sources */,
				F62761122D2580AA00CBB353 /* QuestionPickViewZQQ.swift in Sources */,
				F62761132D2580AA00CBB353 /* ExtensionsZQQ.swift in Sources */,
				F62761142D2580AA00CBB353 /* ImagePickerZQQ.swift in Sources */,
				F62761152D2580AA00CBB353 /* QuestionViewModelZQQ.swift in Sources */,
				F62761162D2580AA00CBB353 /* QuestionsViewZQQ.swift in Sources */,
				F62761172D2580AA00CBB353 /* LoadingViewZQQ.swift in Sources */,
				F62761182D2580AA00CBB353 /* PrivacyViewZQQ.swift in Sources */,
				F62761192D2580AA00CBB353 /* WebViewZQQ.swift in Sources */,
			);
			runOnlyForDeploymentPostprocessing = 0;
		};
/* End PBXSourcesBuildPhase section */

/* Begin XCBuildConfiguration section */
		F62760EF2D25800000CBB353 /* Debug */ = {
			isa = XCBuildConfiguration;
			buildSettings = {
				ALWAYS_SEARCH_USER_PATHS = NO;
				ASSETCATALOG_COMPILER_GENERATE_SWIFT_ASSET_SYMBOL_EXTENSIONS = YES;
				CLANG_ANALYZER_NONNULL = YES;
				CLANG_ANALYZER_NUMBER_OBJECT_CONVERSION = YES_AGGRESSIVE;
				CLANG_CXX_LANGUAGE_STANDARD = "gnu++20";
				CLANG_ENABLE_MODULES = YES;
				CLANG_ENABLE_OBJC_ARC = YES;
				CLANG_ENABLE_OBJC_WEAK = YES;
				CLANG_WARN_BLOCK_CAPTURE_AUTORELEASING = YES;
				CLANG_WARN_BOOL_CONVERSION = YES;
				CLANG_WARN_COMMA = YES;
				CLANG_WARN_CONSTANT_CONVERSION = YES;
				CLANG_WARN_DEPRECATED_OBJC_IMPLEMENTATIONS = YES;
				CLANG_WARN_DIRECT_OBJC_ISA_USAGE = YES_ERROR;
				CLANG_WARN_DOCUMENTATION_COMMENTS = YES;
				CLANG_WARN_EMPTY_BODY = YES;
				CLANG_WARN_ENUM_CONVERSION = YES;
				CLANG_WARN_INFINITE_RECURSION = YES;
				CLANG_WARN_INT_CONVERSION = YES;
				CLANG_WARN_NON_LITERAL_NULL_CONVERSION = YES;
				CLANG_WARN_OBJC_IMPLICIT_RETAIN_SELF = YES;
				CLANG_WARN_OBJC_LITERAL_CONVERSION = YES;
				CLANG_WARN_OBJC_ROOT_CLASS = YES_ERROR;
				CLANG_WARN_QUOTED_INCLUDE_IN_FRAMEWORK_HEADER = YES;
				CLANG_WARN_RANGE_LOOP_ANALYSIS = YES;
				CLANG_WARN_STRICT_PROTOTYPES = YES;
				CLANG_WARN_SUSPICIOUS_MOVE = YES;
				CLANG_WARN_UNGUARDED_AVAILABILITY = YES_AGGRESSIVE;
				CLANG_WARN_UNREACHABLE_CODE = YES;
				CLANG_WARN__DUPLICATE_METHOD_MATCH = YES;
				COPY_PHASE_STRIP = NO;
				DEBUG_INFORMATION_FORMAT = dwarf;
				ENABLE_STRICT_OBJC_MSGSEND = YES;
				ENABLE_TESTABILITY = YES;
				ENABLE_USER_SCRIPT_SANDBOXING = YES;
				GCC_C_LANGUAGE_STANDARD = gnu17;
				GCC_DYNAMIC_NO_PIC = NO;
				GCC_NO_COMMON_BLOCKS = YES;
				GCC_OPTIMIZATION_LEVEL = 0;
				GCC_PREPROCESSOR_DEFINITIONS = (
					"DEBUG=1",
					"$(inherited)",
				);
				GCC_WARN_64_TO_32_BIT_CONVERSION = YES;
				GCC_WARN_ABOUT_RETURN_TYPE = YES_ERROR;
				GCC_WARN_UNDECLARED_SELECTOR = YES;
				GCC_WARN_UNINITIALIZED_AUTOS = YES_AGGRESSIVE;
				GCC_WARN_UNUSED_FUNCTION = YES;
				GCC_WARN_UNUSED_VARIABLE = YES;
				IPHONEOS_DEPLOYMENT_TARGET = 18.0;
				LOCALIZATION_PREFERS_STRING_CATALOGS = YES;
				MTL_ENABLE_DEBUG_INFO = INCLUDE_SOURCE;
				MTL_FAST_MATH = YES;
				ONLY_ACTIVE_ARCH = YES;
				SDKROOT = iphoneos;
				SWIFT_ACTIVE_COMPILATION_CONDITIONS = "DEBUG $(inherited)";
				SWIFT_OPTIMIZATION_LEVEL = "-Onone";
			};
			name = Debug;
		};
		F62760F02D25800000CBB353 /* Release */ = {
			isa = XCBuildConfiguration;
			buildSettings = {
				ALWAYS_SEARCH_USER_PATHS = NO;
				ASSETCATALOG_COMPILER_GENERATE_SWIFT_ASSET_SYMBOL_EXTENSIONS = YES;
				CLANG_ANALYZER_NONNULL = YES;
				CLANG_ANALYZER_NUMBER_OBJECT_CONVERSION = YES_AGGRESSIVE;
				CLANG_CXX_LANGUAGE_STANDARD = "gnu++20";
				CLANG_ENABLE_MODULES = YES;
				CLANG_ENABLE_OBJC_ARC = YES;
				CLANG_ENABLE_OBJC_WEAK = YES;
				CLANG_WARN_BLOCK_CAPTURE_AUTORELEASING = YES;
				CLANG_WARN_BOOL_CONVERSION = YES;
				CLANG_WARN_COMMA = YES;
				CLANG_WARN_CONSTANT_CONVERSION = YES;
				CLANG_WARN_DEPRECATED_OBJC_IMPLEMENTATIONS = YES;
				CLANG_WARN_DIRECT_OBJC_ISA_USAGE = YES_ERROR;
				CLANG_WARN_DOCUMENTATION_COMMENTS = YES;
				CLANG_WARN_EMPTY_BODY = YES;
				CLANG_WARN_ENUM_CONVERSION = YES;
				CLANG_WARN_INFINITE_RECURSION = YES;
				CLANG_WARN_INT_CONVERSION = YES;
				CLANG_WARN_NON_LITERAL_NULL_CONVERSION = YES;
				CLANG_WARN_OBJC_IMPLICIT_RETAIN_SELF = YES;
				CLANG_WARN_OBJC_LITERAL_CONVERSION = YES;
				CLANG_WARN_OBJC_ROOT_CLASS = YES_ERROR;
				CLANG_WARN_QUOTED_INCLUDE_IN_FRAMEWORK_HEADER = YES;
				CLANG_WARN_RANGE_LOOP_ANALYSIS = YES;
				CLANG_WARN_STRICT_PROTOTYPES = YES;
				CLANG_WARN_SUSPICIOUS_MOVE = YES;
				CLANG_WARN_UNGUARDED_AVAILABILITY = YES_AGGRESSIVE;
				CLANG_WARN_UNREACHABLE_CODE = YES;
				CLANG_WARN__DUPLICATE_METHOD_MATCH = YES;
				COPY_PHASE_STRIP = NO;
				DEBUG_INFORMATION_FORMAT = "dwarf-with-dsym";
				ENABLE_NS_ASSERTIONS = NO;
				ENABLE_STRICT_OBJC_MSGSEND = YES;
				ENABLE_USER_SCRIPT_SANDBOXING = YES;
				GCC_C_LANGUAGE_STANDARD = gnu17;
				GCC_NO_COMMON_BLOCKS = YES;
				GCC_WARN_64_TO_32_BIT_CONVERSION = YES;
				GCC_WARN_ABOUT_RETURN_TYPE = YES_ERROR;
				GCC_WARN_UNDECLARED_SELECTOR = YES;
				GCC_WARN_UNINITIALIZED_AUTOS = YES_AGGRESSIVE;
				GCC_WARN_UNUSED_FUNCTION = YES;
				GCC_WARN_UNUSED_VARIABLE = YES;
				IPHONEOS_DEPLOYMENT_TARGET = 18.0;
				LOCALIZATION_PREFERS_STRING_CATALOGS = YES;
				MTL_ENABLE_DEBUG_INFO = NO;
				MTL_FAST_MATH = YES;
				SDKROOT = iphoneos;
				SWIFT_COMPILATION_MODE = wholemodule;
				VALIDATE_PRODUCT = YES;
			};
			name = Release;
		};
		F62760F22D25800000CBB353 /* Debug */ = {
			isa = XCBuildConfiguration;
			buildSettings = {
				ASSETCATALOG_COMPILER_APPICON_NAME = AppIcon;
				ASSETCATALOG_COMPILER_GLOBAL_ACCENT_COLOR_NAME = AccentColor;
				CODE_SIGN_STYLE = Automatic;
				CURRENT_PROJECT_VERSION = 1;
				DEVELOPMENT_ASSET_PATHS = "\"Casuquiz/Preview Content\"";
				DEVELOPMENT_TEAM = "";
				ENABLE_PREVIEWS = YES;
				GENERATE_INFOPLIST_FILE = YES;
				INFOPLIST_FILE = Casuquiz/Info.plist;
				INFOPLIST_KEY_CFBundleDisplayName = Casuquiz;
				INFOPLIST_KEY_LSApplicationCategoryType = "public.app-category.entertainment";
				INFOPLIST_KEY_NSCameraUsageDescription = "We need access to the camera to set a photo for your profile.";
				INFOPLIST_KEY_UIApplicationSceneManifest_Generation = YES;
				INFOPLIST_KEY_UIApplicationSupportsIndirectInputEvents = YES;
				INFOPLIST_KEY_UILaunchScreen_Generation = YES;
				INFOPLIST_KEY_UISupportedInterfaceOrientations_iPad = "UIInterfaceOrientationPortrait UIInterfaceOrientationPortraitUpsideDown UIInterfaceOrientationLandscapeLeft UIInterfaceOrientationLandscapeRight";
				INFOPLIST_KEY_UISupportedInterfaceOrientations_iPhone = "UIInterfaceOrientationPortrait UIInterfaceOrientationLandscapeLeft UIInterfaceOrientationLandscapeRight";
				IPHONEOS_DEPLOYMENT_TARGET = 16.0;
				LD_RUNPATH_SEARCH_PATHS = (
					"$(inherited)",
					"@executable_path/Frameworks",
				);
				MARKETING_VERSION = 1.0;
				PRODUCT_BUNDLE_IDENTIFIER = com.casuquiz.roman;
				PRODUCT_NAME = "$(TARGET_NAME)";
				SUPPORTED_PLATFORMS = "iphoneos iphonesimulator";
				SUPPORTS_MACCATALYST = NO;
				SUPPORTS_MAC_DESIGNED_FOR_IPHONE_IPAD = NO;
				SUPPORTS_XR_DESIGNED_FOR_IPHONE_IPAD = NO;
				SWIFT_EMIT_LOC_STRINGS = YES;
				SWIFT_VERSION = 5.0;
				TARGETED_DEVICE_FAMILY = 1;
			};
			name = Debug;
		};
		F62760F32D25800000CBB353 /* Release */ = {
			isa = XCBuildConfiguration;
			buildSettings = {
				ASSETCATALOG_COMPILER_APPICON_NAME = AppIcon;
				ASSETCATALOG_COMPILER_GLOBAL_ACCENT_COLOR_NAME = AccentColor;
				CODE_SIGN_STYLE = Automatic;
				CURRENT_PROJECT_VERSION = 1;
				DEVELOPMENT_ASSET_PATHS = "\"Casuquiz/Preview Content\"";
				DEVELOPMENT_TEAM = "";
				ENABLE_PREVIEWS = YES;
				GENERATE_INFOPLIST_FILE = YES;
				INFOPLIST_FILE = Casuquiz/Info.plist;
				INFOPLIST_KEY_CFBundleDisplayName = Casuquiz;
				INFOPLIST_KEY_LSApplicationCategoryType = "public.app-category.entertainment";
				INFOPLIST_KEY_NSCameraUsageDescription = "We need access to the camera to set a photo for your profile.";
				INFOPLIST_KEY_UIApplicationSceneManifest_Generation = YES;
				INFOPLIST_KEY_UIApplicationSupportsIndirectInputEvents = YES;
				INFOPLIST_KEY_UILaunchScreen_Generation = YES;
				INFOPLIST_KEY_UISupportedInterfaceOrientations_iPad = "UIInterfaceOrientationPortrait UIInterfaceOrientationPortraitUpsideDown UIInterfaceOrientationLandscapeLeft UIInterfaceOrientationLandscapeRight";
				INFOPLIST_KEY_UISupportedInterfaceOrientations_iPhone = "UIInterfaceOrientationPortrait UIInterfaceOrientationLandscapeLeft UIInterfaceOrientationLandscapeRight";
				IPHONEOS_DEPLOYMENT_TARGET = 16.0;
				LD_RUNPATH_SEARCH_PATHS = (
					"$(inherited)",
					"@executable_path/Frameworks",
				);
				MARKETING_VERSION = 1.0;
				PRODUCT_BUNDLE_IDENTIFIER = com.casuquiz.roman;
				PRODUCT_NAME = "$(TARGET_NAME)";
				SUPPORTED_PLATFORMS = "iphoneos iphonesimulator";
				SUPPORTS_MACCATALYST = NO;
				SUPPORTS_MAC_DESIGNED_FOR_IPHONE_IPAD = NO;
				SUPPORTS_XR_DESIGNED_FOR_IPHONE_IPAD = NO;
				SWIFT_EMIT_LOC_STRINGS = YES;
				SWIFT_VERSION = 5.0;
				TARGETED_DEVICE_FAMILY = 1;
			};
			name = Release;
		};
/* End XCBuildConfiguration section */

/* Begin XCConfigurationList section */
		F62760DE2D257FFF00CBB353 /* Build configuration list for PBXProject "Casuquiz" */ = {
			isa = XCConfigurationList;
			buildConfigurations = (
				F62760EF2D25800000CBB353 /* Debug */,
				F62760F02D25800000CBB353 /* Release */,
			);
			defaultConfigurationIsVisible = 0;
			defaultConfigurationName = Release;
		};
		F62760F12D25800000CBB353 /* Build configuration list for PBXNativeTarget "Casuquiz" */ = {
			isa = XCConfigurationList;
			buildConfigurations = (
				F62760F22D25800000CBB353 /* Debug */,
				F62760F32D25800000CBB353 /* Release */,
			);
			defaultConfigurationIsVisible = 0;
			defaultConfigurationName = Release;
		};
/* End XCConfigurationList section */
	};
	rootObject = F62760DB2D257FFF00CBB353 /* Project object */;
}
